// !$*UTF8*$!
{
	archiveVersion = 1;
	classes = {
	};
	objectVersion = 55;
	objects = {

/* Begin PBXBuildFile section */
		3AA6865D5E6AC36E76D7F9E1 /* Pods_Cream.framework in Frameworks */ = {isa = PBXBuildFile; fileRef = 6A30B26FB25B22F519249FD4 /* Pods_Cream.framework */; };
		7B193C832794D3D300B934A3 /* HomeViewItemCell.swift in Sources */ = {isa = PBXBuildFile; fileRef = 7B193C822794D3D300B934A3 /* HomeViewItemCell.swift */; };
		7B193C8927965E5A00B934A3 /* HomeViewCategoryHeaderView.swift in Sources */ = {isa = PBXBuildFile; fileRef = 7B193C8827965E5A00B934A3 /* HomeViewCategoryHeaderView.swift */; };
		7B193C8B27965EE500B934A3 /* ShopViewFilterHeaderView.swift in Sources */ = {isa = PBXBuildFile; fileRef = 7B193C8A27965EE500B934A3 /* ShopViewFilterHeaderView.swift */; };
		7B193C8D2796B6A900B934A3 /* ShopBannerCell.swift in Sources */ = {isa = PBXBuildFile; fileRef = 7B193C8C2796B6A900B934A3 /* ShopBannerCell.swift */; };
		7B193C952797900E00B934A3 /* HomeViewModel.swift in Sources */ = {isa = PBXBuildFile; fileRef = 7B193C942797900E00B934A3 /* HomeViewModel.swift */; };
		7B193C972797E49700B934A3 /* FilterImageCell.swift in Sources */ = {isa = PBXBuildFile; fileRef = 7B193C962797E49700B934A3 /* FilterImageCell.swift */; };
		7B193C992797E4C700B934A3 /* FilterCell.swift in Sources */ = {isa = PBXBuildFile; fileRef = 7B193C982797E4C700B934A3 /* FilterCell.swift */; };
		7B193CA12798EE7E00B934A3 /* ItemInfoCell.swift in Sources */ = {isa = PBXBuildFile; fileRef = 7B193CA02798EE7E00B934A3 /* ItemInfoCell.swift */; };
		7B193CA32798F3B600B934A3 /* ReleaseInfoCell.swift in Sources */ = {isa = PBXBuildFile; fileRef = 7B193CA22798F3B600B934A3 /* ReleaseInfoCell.swift */; };
		7B193CA52798F4CC00B934A3 /* DebugLog.swift in Sources */ = {isa = PBXBuildFile; fileRef = 7B193CA42798F4CC00B934A3 /* DebugLog.swift */; };
		7B193CA72799189900B934A3 /* WishButton.swift in Sources */ = {isa = PBXBuildFile; fileRef = 7B193CA62799189900B934A3 /* WishButton.swift */; };
		7B193CA92799447900B934A3 /* ProductViewModelItem.swift in Sources */ = {isa = PBXBuildFile; fileRef = 7B193CA82799447900B934A3 /* ProductViewModelItem.swift */; };
		7B193CAB2799B3D900B934A3 /* SizeButton.swift in Sources */ = {isa = PBXBuildFile; fileRef = 7B193CAA2799B3D900B934A3 /* SizeButton.swift */; };
		7B193CAD2799BDEF00B934A3 /* UIColor+.swift in Sources */ = {isa = PBXBuildFile; fileRef = 7B193CAC2799BDEF00B934A3 /* UIColor+.swift */; };
		7B193CAF279A67E900B934A3 /* PageControlFooterView.swift in Sources */ = {isa = PBXBuildFile; fileRef = 7B193CAE279A67E900B934A3 /* PageControlFooterView.swift */; };
		7B193CB3279BE1A000B934A3 /* CALayer+.swift in Sources */ = {isa = PBXBuildFile; fileRef = 7B193CB2279BE1A000B934A3 /* CALayer+.swift */; };
		7B193CB5279D115500B934A3 /* TradeViewController.swift in Sources */ = {isa = PBXBuildFile; fileRef = 7B193CB4279D115500B934A3 /* TradeViewController.swift */; };
		7B35667C27914EF200C45A68 /* SizeListCellViewModel.swift in Sources */ = {isa = PBXBuildFile; fileRef = 7B35667B27914EF200C45A68 /* SizeListCellViewModel.swift */; };
		7B3566822791E53C00C45A68 /* HomeViewController.swift in Sources */ = {isa = PBXBuildFile; fileRef = 7B3566812791E53C00C45A68 /* HomeViewController.swift */; };
		7B3566842791E66400C45A68 /* HTTPMethod.swift in Sources */ = {isa = PBXBuildFile; fileRef = 7B3566832791E66400C45A68 /* HTTPMethod.swift */; };
		7B3566872792420300C45A68 /* MyPageViewController.swift in Sources */ = {isa = PBXBuildFile; fileRef = 7B3566862792420300C45A68 /* MyPageViewController.swift */; };
		7B36DB0E2789202800D8ACB0 /* AppDelegate.swift in Sources */ = {isa = PBXBuildFile; fileRef = 7B36DB0D2789202800D8ACB0 /* AppDelegate.swift */; };
		7B36DB102789202800D8ACB0 /* SceneDelegate.swift in Sources */ = {isa = PBXBuildFile; fileRef = 7B36DB0F2789202800D8ACB0 /* SceneDelegate.swift */; };
		7B36DB1A2789202A00D8ACB0 /* LaunchScreen.storyboard in Resources */ = {isa = PBXBuildFile; fileRef = 7B36DB182789202A00D8ACB0 /* LaunchScreen.storyboard */; };
		7B54D7042790351400214664 /* SizeListCell.swift in Sources */ = {isa = PBXBuildFile; fileRef = 7B54D7032790351400214664 /* SizeListCell.swift */; };
		7B54D708279045F400214664 /* TradeButton.swift in Sources */ = {isa = PBXBuildFile; fileRef = 7B54D707279045F400214664 /* TradeButton.swift */; };
		7B5EEE2227A58A4400990E37 /* UserUseCase.swift in Sources */ = {isa = PBXBuildFile; fileRef = 7B5EEE2127A58A4400990E37 /* UserUseCase.swift */; };
		7B5EEE2427A58A9C00990E37 /* UserRepositoryInterface.swift in Sources */ = {isa = PBXBuildFile; fileRef = 7B5EEE2327A58A9C00990E37 /* UserRepositoryInterface.swift */; };
		7B5EEE2727A58ED800990E37 /* UIStackView+.swift in Sources */ = {isa = PBXBuildFile; fileRef = 7B5EEE2627A58ED800990E37 /* UIStackView+.swift */; };
		7B5EEE2927A5AD7A00990E37 /* ProductViewController.swift in Sources */ = {isa = PBXBuildFile; fileRef = 7B5EEE2827A5AD7A00990E37 /* ProductViewController.swift */; };
		7B5EEE2B27A5AD8500990E37 /* ProductViewModel.swift in Sources */ = {isa = PBXBuildFile; fileRef = 7B5EEE2A27A5AD8500990E37 /* ProductViewModel.swift */; };
		7B5EEE2D27A5B08B00990E37 /* ProductView.swift in Sources */ = {isa = PBXBuildFile; fileRef = 7B5EEE2C27A5B08B00990E37 /* ProductView.swift */; };
		7B5EEE2F27A69ADA00990E37 /* ProductResponseDTO+Mapping.swift in Sources */ = {isa = PBXBuildFile; fileRef = 7B5EEE2E27A69ADA00990E37 /* ProductResponseDTO+Mapping.swift */; };
		7B5EEE3327A6B01900990E37 /* ProductUseCase.swift in Sources */ = {isa = PBXBuildFile; fileRef = 7B5EEE3227A6B01900990E37 /* ProductUseCase.swift */; };
		7B5EEE3527A6B0D300990E37 /* ProductRepository.swift in Sources */ = {isa = PBXBuildFile; fileRef = 7B5EEE3427A6B0D300990E37 /* ProductRepository.swift */; };
		7B5EEE3727A6C6B000990E37 /* Product.swift in Sources */ = {isa = PBXBuildFile; fileRef = 7B5EEE3627A6C6B000990E37 /* Product.swift */; };
		7B5EEE3927A770AA00990E37 /* ProductListViewController.swift in Sources */ = {isa = PBXBuildFile; fileRef = 7B5EEE3827A770AA00990E37 /* ProductListViewController.swift */; };
		7B5EEE3B27A7713100990E37 /* ProductListView.swift in Sources */ = {isa = PBXBuildFile; fileRef = 7B5EEE3A27A7713100990E37 /* ProductListView.swift */; };
		7B5EEE3D27A773AE00990E37 /* ProductListViewModel.swift in Sources */ = {isa = PBXBuildFile; fileRef = 7B5EEE3C27A773AE00990E37 /* ProductListViewModel.swift */; };
		7B5EEE3F27A80E8B00990E37 /* String+.swift in Sources */ = {isa = PBXBuildFile; fileRef = 7B5EEE3E27A80E8B00990E37 /* String+.swift */; };
		7B5EEE4527A8390C00990E37 /* TradeViewModel.swift in Sources */ = {isa = PBXBuildFile; fileRef = 7B5EEE4427A8390C00990E37 /* TradeViewModel.swift */; };
		7B5EEE4727A8391700990E37 /* TradeView.swift in Sources */ = {isa = PBXBuildFile; fileRef = 7B5EEE4627A8391700990E37 /* TradeView.swift */; };
		7B5EEE4927A83A6900990E37 /* ProductView+CompositionalLayout.swift in Sources */ = {isa = PBXBuildFile; fileRef = 7B5EEE4827A83A6900990E37 /* ProductView+CompositionalLayout.swift */; };
		7B5EEE4D27A9195E00990E37 /* SizePriceButton.swift in Sources */ = {isa = PBXBuildFile; fileRef = 7B5EEE4C27A9195E00990E37 /* SizePriceButton.swift */; };
		7B5EEE5027A95DCB00990E37 /* ImageLoader.swift in Sources */ = {isa = PBXBuildFile; fileRef = 7B5EEE4F27A95DCB00990E37 /* ImageLoader.swift */; };
		7B5EEE5627A9A0B000990E37 /* TradePriceView.swift in Sources */ = {isa = PBXBuildFile; fileRef = 7B5EEE5527A9A0B000990E37 /* TradePriceView.swift */; };
		7B5EEE5D27ABDC9B00990E37 /* ProcessViewController.swift in Sources */ = {isa = PBXBuildFile; fileRef = 7B5EEE5C27ABDC9B00990E37 /* ProcessViewController.swift */; };
		7B5EEE5F27ACBFA300990E37 /* UITextField+.swift in Sources */ = {isa = PBXBuildFile; fileRef = 7B5EEE5E27ACBFA300990E37 /* UITextField+.swift */; };
		7B5EEE6127AD10E500990E37 /* ProcessView.swift in Sources */ = {isa = PBXBuildFile; fileRef = 7B5EEE6027AD10E500990E37 /* ProcessView.swift */; };
		7B5EEE6327AD481900990E37 /* ProcessViewModel.swift in Sources */ = {isa = PBXBuildFile; fileRef = 7B5EEE6227AD481900990E37 /* ProcessViewModel.swift */; };
		7B5EEE6527AEBCD800990E37 /* FilterViewController.swift in Sources */ = {isa = PBXBuildFile; fileRef = 7B5EEE6427AEBCD800990E37 /* FilterViewController.swift */; };
		7B5EEE6827B00F0300990E37 /* BaseItemView.swift in Sources */ = {isa = PBXBuildFile; fileRef = 7B5EEE6727B00F0300990E37 /* BaseItemView.swift */; };
		7B5EEE6A27B0103500990E37 /* ProductListItemCell.swift in Sources */ = {isa = PBXBuildFile; fileRef = 7B5EEE6927B0103500990E37 /* ProductListItemCell.swift */; };
		7B5EEE6C27B01AA600990E37 /* HomeView+CompositionalLayout.swift in Sources */ = {isa = PBXBuildFile; fileRef = 7B5EEE6B27B01AA600990E37 /* HomeView+CompositionalLayout.swift */; };
		7B5EEE6E27B01E9A00990E37 /* HomeView.swift in Sources */ = {isa = PBXBuildFile; fileRef = 7B5EEE6D27B01E9A00990E37 /* HomeView.swift */; };
		7B5EEE7027B0F25500990E37 /* HomeResponseDTO+Mapping.swift in Sources */ = {isa = PBXBuildFile; fileRef = 7B5EEE6F27B0F25500990E37 /* HomeResponseDTO+Mapping.swift */; };
		7B5EEE7227B10CD800990E37 /* HomeRepositoryInterface.swift in Sources */ = {isa = PBXBuildFile; fileRef = 7B5EEE7127B10CD800990E37 /* HomeRepositoryInterface.swift */; };
		7B8EAA78279FBBB600B07259 /* ProductRepositoryInterface.swift in Sources */ = {isa = PBXBuildFile; fileRef = 7B8EAA77279FBBB600B07259 /* ProductRepositoryInterface.swift */; };
		7B8EAA7F279FC38300B07259 /* BaseDIViewController.swift in Sources */ = {isa = PBXBuildFile; fileRef = 7B8EAA7E279FC38300B07259 /* BaseDIViewController.swift */; };
		7B8EAA8627A0DB4700B07259 /* ValidationHelper.swift in Sources */ = {isa = PBXBuildFile; fileRef = 7B8EAA8527A0DB4700B07259 /* ValidationHelper.swift */; };
		7B8EAA8827A17C3000B07259 /* JoinViewController.swift in Sources */ = {isa = PBXBuildFile; fileRef = 7B8EAA8727A17C3000B07259 /* JoinViewController.swift */; };
		7B8EAA8A27A17C7600B07259 /* JoinView.swift in Sources */ = {isa = PBXBuildFile; fileRef = 7B8EAA8927A17C7600B07259 /* JoinView.swift */; };
		7B8EAA8C27A17F3600B07259 /* JoinViewModel.swift in Sources */ = {isa = PBXBuildFile; fileRef = 7B8EAA8B27A17F3600B07259 /* JoinViewModel.swift */; };
		7B8EAA8E27A1919600B07259 /* LoginViewController.swift in Sources */ = {isa = PBXBuildFile; fileRef = 7B8EAA8D27A1919600B07259 /* LoginViewController.swift */; };
		7B8EAA9027A191A300B07259 /* LoginViewModel.swift in Sources */ = {isa = PBXBuildFile; fileRef = 7B8EAA8F27A191A300B07259 /* LoginViewModel.swift */; };
		7B8EAA9227A191AA00B07259 /* LoginView.swift in Sources */ = {isa = PBXBuildFile; fileRef = 7B8EAA9127A191AA00B07259 /* LoginView.swift */; };
		7B8EAA9927A23BDB00B07259 /* Auth.swift in Sources */ = {isa = PBXBuildFile; fileRef = 7B8EAA9827A23BDB00B07259 /* Auth.swift */; };
		7B8EAA9C27A240F900B07259 /* NetworkConfigurable.swift in Sources */ = {isa = PBXBuildFile; fileRef = 7B8EAA9B27A240F900B07259 /* NetworkConfigurable.swift */; };
		7B8EAA9E27A2411700B07259 /* Endpoint.swift in Sources */ = {isa = PBXBuildFile; fileRef = 7B8EAA9D27A2411700B07259 /* Endpoint.swift */; };
		7B8EAAA027A2412700B07259 /* NetworkService.swift in Sources */ = {isa = PBXBuildFile; fileRef = 7B8EAA9F27A2412700B07259 /* NetworkService.swift */; };
		7B8EAAA227A2414300B07259 /* DataTransferService.swift in Sources */ = {isa = PBXBuildFile; fileRef = 7B8EAAA127A2414300B07259 /* DataTransferService.swift */; };
		7B8EAAAA27A25ED800B07259 /* APIEndpoints.swift in Sources */ = {isa = PBXBuildFile; fileRef = 7B8EAAA927A25ED800B07259 /* APIEndpoints.swift */; };
		7B8EAAAD27A25FC300B07259 /* AuthRequestDTO+Mapping.swift in Sources */ = {isa = PBXBuildFile; fileRef = 7B8EAAAC27A25FC300B07259 /* AuthRequestDTO+Mapping.swift */; };
		7B8EAAAF27A2601C00B07259 /* AuthResponseDTO+Mapping.swift in Sources */ = {isa = PBXBuildFile; fileRef = 7B8EAAAE27A2601C00B07259 /* AuthResponseDTO+Mapping.swift */; };
		7BB0110B278AE227005E5C9E /* NavigateMenuBaseController.swift in Sources */ = {isa = PBXBuildFile; fileRef = 7BB0110A278AE227005E5C9E /* NavigateMenuBaseController.swift */; };
		7BB0110F278BBBAC005E5C9E /* SnapKit in Frameworks */ = {isa = PBXBuildFile; productRef = 7BB0110E278BBBAC005E5C9E /* SnapKit */; };
		7BB01113278BC44E005E5C9E /* ViewConfiguration.swift in Sources */ = {isa = PBXBuildFile; fileRef = 7BB01112278BC44E005E5C9E /* ViewConfiguration.swift */; };
		7BB01115278BC6D1005E5C9E /* BindingTextField.swift in Sources */ = {isa = PBXBuildFile; fileRef = 7BB01114278BC6D1005E5C9E /* BindingTextField.swift */; };
		7BB01117278BCA54005E5C9E /* Observable.swift in Sources */ = {isa = PBXBuildFile; fileRef = 7BB01116278BCA54005E5C9E /* Observable.swift */; };
		7BB01121278BD66C005E5C9E /* UIView+.swift in Sources */ = {isa = PBXBuildFile; fileRef = 7BB01120278BD66C005E5C9E /* UIView+.swift */; };
		7BDA400D278978500093E75F /* BetterSegmentedControl in Frameworks */ = {isa = PBXBuildFile; productRef = 7BDA400C278978500093E75F /* BetterSegmentedControl */; };
		7BDA40132789793B0093E75F /* Alamofire in Frameworks */ = {isa = PBXBuildFile; productRef = 7BDA40122789793B0093E75F /* Alamofire */; };
		7BDA4016278979AB0093E75F /* Kingfisher in Frameworks */ = {isa = PBXBuildFile; productRef = 7BDA4015278979AB0093E75F /* Kingfisher */; };
		7BDA4019278A9BF70093E75F /* BSImagePicker in Frameworks */ = {isa = PBXBuildFile; productRef = 7BDA4018278A9BF70093E75F /* BSImagePicker */; };
		7BDA4021278A9D540093E75F /* SwipeCellKit in Frameworks */ = {isa = PBXBuildFile; productRef = 7BDA4020278A9D540093E75F /* SwipeCellKit */; };
		7BF82E0227A2CD18007E0A79 /* JoinRequestDTO+Mapping.swift in Sources */ = {isa = PBXBuildFile; fileRef = 7BF82E0127A2CD17007E0A79 /* JoinRequestDTO+Mapping.swift */; };
		7BF82E0427A2CD2B007E0A79 /* JoinResponseDTO+Mapping.swift in Sources */ = {isa = PBXBuildFile; fileRef = 7BF82E0327A2CD2B007E0A79 /* JoinResponseDTO+Mapping.swift */; };
		7BF82E0627A38558007E0A79 /* User.swift in Sources */ = {isa = PBXBuildFile; fileRef = 7BF82E0527A38558007E0A79 /* User.swift */; };
		7BF82E0B27A38BB5007E0A79 /* UserRepository.swift in Sources */ = {isa = PBXBuildFile; fileRef = 7BF82E0A27A38BB5007E0A79 /* UserRepository.swift */; };
		7BF82E0E27A3CCB9007E0A79 /* Cancellable.swift in Sources */ = {isa = PBXBuildFile; fileRef = 7BF82E0D27A3CCB9007E0A79 /* Cancellable.swift */; };
		7BF82E1127A5491E007E0A79 /* SizeListViewController.swift in Sources */ = {isa = PBXBuildFile; fileRef = 7BF82E1027A5491E007E0A79 /* SizeListViewController.swift */; };
		7BF82E1327A54939007E0A79 /* SizeListView.swift in Sources */ = {isa = PBXBuildFile; fileRef = 7BF82E1227A54939007E0A79 /* SizeListView.swift */; };
		7BF82E1527A54944007E0A79 /* SizeListViewModel.swift in Sources */ = {isa = PBXBuildFile; fileRef = 7BF82E1427A54944007E0A79 /* SizeListViewModel.swift */; };
		7BF82E1927A56C8B007E0A79 /* ErrorMessage.swift in Sources */ = {isa = PBXBuildFile; fileRef = 7BF82E1827A56C8B007E0A79 /* ErrorMessage.swift */; };
		7BF82E1A27A57117007E0A79 /* Assets.xcassets in Resources */ = {isa = PBXBuildFile; fileRef = 7B36DB162789202A00D8ACB0 /* Assets.xcassets */; };
/* End PBXBuildFile section */

/* Begin PBXFileReference section */
		6A30B26FB25B22F519249FD4 /* Pods_Cream.framework */ = {isa = PBXFileReference; explicitFileType = wrapper.framework; includeInIndex = 0; path = Pods_Cream.framework; sourceTree = BUILT_PRODUCTS_DIR; };
		7B193C822794D3D300B934A3 /* HomeViewItemCell.swift */ = {isa = PBXFileReference; lastKnownFileType = sourcecode.swift; path = HomeViewItemCell.swift; sourceTree = "<group>"; };
		7B193C8827965E5A00B934A3 /* HomeViewCategoryHeaderView.swift */ = {isa = PBXFileReference; lastKnownFileType = sourcecode.swift; path = HomeViewCategoryHeaderView.swift; sourceTree = "<group>"; };
		7B193C8A27965EE500B934A3 /* ShopViewFilterHeaderView.swift */ = {isa = PBXFileReference; lastKnownFileType = sourcecode.swift; path = ShopViewFilterHeaderView.swift; sourceTree = "<group>"; };
		7B193C8C2796B6A900B934A3 /* ShopBannerCell.swift */ = {isa = PBXFileReference; lastKnownFileType = sourcecode.swift; path = ShopBannerCell.swift; sourceTree = "<group>"; };
		7B193C942797900E00B934A3 /* HomeViewModel.swift */ = {isa = PBXFileReference; lastKnownFileType = sourcecode.swift; path = HomeViewModel.swift; sourceTree = "<group>"; };
		7B193C962797E49700B934A3 /* FilterImageCell.swift */ = {isa = PBXFileReference; lastKnownFileType = sourcecode.swift; path = FilterImageCell.swift; sourceTree = "<group>"; };
		7B193C982797E4C700B934A3 /* FilterCell.swift */ = {isa = PBXFileReference; lastKnownFileType = sourcecode.swift; path = FilterCell.swift; sourceTree = "<group>"; };
		7B193CA02798EE7E00B934A3 /* ItemInfoCell.swift */ = {isa = PBXFileReference; lastKnownFileType = sourcecode.swift; path = ItemInfoCell.swift; sourceTree = "<group>"; };
		7B193CA22798F3B600B934A3 /* ReleaseInfoCell.swift */ = {isa = PBXFileReference; lastKnownFileType = sourcecode.swift; path = ReleaseInfoCell.swift; sourceTree = "<group>"; };
		7B193CA42798F4CC00B934A3 /* DebugLog.swift */ = {isa = PBXFileReference; lastKnownFileType = sourcecode.swift; path = DebugLog.swift; sourceTree = "<group>"; };
		7B193CA62799189900B934A3 /* WishButton.swift */ = {isa = PBXFileReference; lastKnownFileType = sourcecode.swift; path = WishButton.swift; sourceTree = "<group>"; };
		7B193CA82799447900B934A3 /* ProductViewModelItem.swift */ = {isa = PBXFileReference; lastKnownFileType = sourcecode.swift; path = ProductViewModelItem.swift; sourceTree = "<group>"; };
		7B193CAA2799B3D900B934A3 /* SizeButton.swift */ = {isa = PBXFileReference; lastKnownFileType = sourcecode.swift; path = SizeButton.swift; sourceTree = "<group>"; };
		7B193CAC2799BDEF00B934A3 /* UIColor+.swift */ = {isa = PBXFileReference; lastKnownFileType = sourcecode.swift; path = "UIColor+.swift"; sourceTree = "<group>"; };
		7B193CAE279A67E900B934A3 /* PageControlFooterView.swift */ = {isa = PBXFileReference; lastKnownFileType = sourcecode.swift; path = PageControlFooterView.swift; sourceTree = "<group>"; };
		7B193CB2279BE1A000B934A3 /* CALayer+.swift */ = {isa = PBXFileReference; lastKnownFileType = sourcecode.swift; path = "CALayer+.swift"; sourceTree = "<group>"; };
		7B193CB4279D115500B934A3 /* TradeViewController.swift */ = {isa = PBXFileReference; lastKnownFileType = sourcecode.swift; path = TradeViewController.swift; sourceTree = "<group>"; };
		7B35667B27914EF200C45A68 /* SizeListCellViewModel.swift */ = {isa = PBXFileReference; lastKnownFileType = sourcecode.swift; path = SizeListCellViewModel.swift; sourceTree = "<group>"; };
		7B3566812791E53C00C45A68 /* HomeViewController.swift */ = {isa = PBXFileReference; lastKnownFileType = sourcecode.swift; path = HomeViewController.swift; sourceTree = "<group>"; };
		7B3566832791E66400C45A68 /* HTTPMethod.swift */ = {isa = PBXFileReference; lastKnownFileType = sourcecode.swift; path = HTTPMethod.swift; sourceTree = "<group>"; };
		7B3566862792420300C45A68 /* MyPageViewController.swift */ = {isa = PBXFileReference; lastKnownFileType = sourcecode.swift; path = MyPageViewController.swift; sourceTree = "<group>"; };
		7B36DB0A2789202800D8ACB0 /* Cream.app */ = {isa = PBXFileReference; explicitFileType = wrapper.application; includeInIndex = 0; path = Cream.app; sourceTree = BUILT_PRODUCTS_DIR; };
		7B36DB0D2789202800D8ACB0 /* AppDelegate.swift */ = {isa = PBXFileReference; lastKnownFileType = sourcecode.swift; path = AppDelegate.swift; sourceTree = "<group>"; };
		7B36DB0F2789202800D8ACB0 /* SceneDelegate.swift */ = {isa = PBXFileReference; lastKnownFileType = sourcecode.swift; path = SceneDelegate.swift; sourceTree = "<group>"; };
		7B36DB162789202A00D8ACB0 /* Assets.xcassets */ = {isa = PBXFileReference; lastKnownFileType = folder.assetcatalog; path = Assets.xcassets; sourceTree = "<group>"; };
		7B36DB192789202A00D8ACB0 /* Base */ = {isa = PBXFileReference; lastKnownFileType = file.storyboard; name = Base; path = Base.lproj/LaunchScreen.storyboard; sourceTree = "<group>"; };
		7B36DB1B2789202A00D8ACB0 /* Info.plist */ = {isa = PBXFileReference; lastKnownFileType = text.plist.xml; path = Info.plist; sourceTree = "<group>"; };
		7B54D7032790351400214664 /* SizeListCell.swift */ = {isa = PBXFileReference; lastKnownFileType = sourcecode.swift; path = SizeListCell.swift; sourceTree = "<group>"; };
		7B54D707279045F400214664 /* TradeButton.swift */ = {isa = PBXFileReference; lastKnownFileType = sourcecode.swift; path = TradeButton.swift; sourceTree = "<group>"; };
		7B5EEE2127A58A4400990E37 /* UserUseCase.swift */ = {isa = PBXFileReference; lastKnownFileType = sourcecode.swift; path = UserUseCase.swift; sourceTree = "<group>"; };
		7B5EEE2327A58A9C00990E37 /* UserRepositoryInterface.swift */ = {isa = PBXFileReference; lastKnownFileType = sourcecode.swift; path = UserRepositoryInterface.swift; sourceTree = "<group>"; };
		7B5EEE2627A58ED800990E37 /* UIStackView+.swift */ = {isa = PBXFileReference; lastKnownFileType = sourcecode.swift; path = "UIStackView+.swift"; sourceTree = "<group>"; };
		7B5EEE2827A5AD7A00990E37 /* ProductViewController.swift */ = {isa = PBXFileReference; lastKnownFileType = sourcecode.swift; path = ProductViewController.swift; sourceTree = "<group>"; };
		7B5EEE2A27A5AD8500990E37 /* ProductViewModel.swift */ = {isa = PBXFileReference; lastKnownFileType = sourcecode.swift; path = ProductViewModel.swift; sourceTree = "<group>"; };
		7B5EEE2C27A5B08B00990E37 /* ProductView.swift */ = {isa = PBXFileReference; lastKnownFileType = sourcecode.swift; path = ProductView.swift; sourceTree = "<group>"; };
		7B5EEE2E27A69ADA00990E37 /* ProductResponseDTO+Mapping.swift */ = {isa = PBXFileReference; lastKnownFileType = sourcecode.swift; path = "ProductResponseDTO+Mapping.swift"; sourceTree = "<group>"; };
		7B5EEE3227A6B01900990E37 /* ProductUseCase.swift */ = {isa = PBXFileReference; lastKnownFileType = sourcecode.swift; path = ProductUseCase.swift; sourceTree = "<group>"; };
		7B5EEE3427A6B0D300990E37 /* ProductRepository.swift */ = {isa = PBXFileReference; lastKnownFileType = sourcecode.swift; path = ProductRepository.swift; sourceTree = "<group>"; };
		7B5EEE3627A6C6B000990E37 /* Product.swift */ = {isa = PBXFileReference; lastKnownFileType = sourcecode.swift; path = Product.swift; sourceTree = "<group>"; };
		7B5EEE3827A770AA00990E37 /* ProductListViewController.swift */ = {isa = PBXFileReference; lastKnownFileType = sourcecode.swift; path = ProductListViewController.swift; sourceTree = "<group>"; };
		7B5EEE3A27A7713100990E37 /* ProductListView.swift */ = {isa = PBXFileReference; lastKnownFileType = sourcecode.swift; path = ProductListView.swift; sourceTree = "<group>"; };
		7B5EEE3C27A773AE00990E37 /* ProductListViewModel.swift */ = {isa = PBXFileReference; lastKnownFileType = sourcecode.swift; path = ProductListViewModel.swift; sourceTree = "<group>"; };
		7B5EEE3E27A80E8B00990E37 /* String+.swift */ = {isa = PBXFileReference; lastKnownFileType = sourcecode.swift; path = "String+.swift"; sourceTree = "<group>"; };
		7B5EEE4427A8390C00990E37 /* TradeViewModel.swift */ = {isa = PBXFileReference; lastKnownFileType = sourcecode.swift; path = TradeViewModel.swift; sourceTree = "<group>"; };
		7B5EEE4627A8391700990E37 /* TradeView.swift */ = {isa = PBXFileReference; lastKnownFileType = sourcecode.swift; path = TradeView.swift; sourceTree = "<group>"; };
		7B5EEE4827A83A6900990E37 /* ProductView+CompositionalLayout.swift */ = {isa = PBXFileReference; lastKnownFileType = sourcecode.swift; path = "ProductView+CompositionalLayout.swift"; sourceTree = "<group>"; };
		7B5EEE4C27A9195E00990E37 /* SizePriceButton.swift */ = {isa = PBXFileReference; lastKnownFileType = sourcecode.swift; path = SizePriceButton.swift; sourceTree = "<group>"; };
		7B5EEE4F27A95DCB00990E37 /* ImageLoader.swift */ = {isa = PBXFileReference; lastKnownFileType = sourcecode.swift; path = ImageLoader.swift; sourceTree = "<group>"; };
		7B5EEE5527A9A0B000990E37 /* TradePriceView.swift */ = {isa = PBXFileReference; lastKnownFileType = sourcecode.swift; path = TradePriceView.swift; sourceTree = "<group>"; };
		7B5EEE5C27ABDC9B00990E37 /* ProcessViewController.swift */ = {isa = PBXFileReference; lastKnownFileType = sourcecode.swift; path = ProcessViewController.swift; sourceTree = "<group>"; };
		7B5EEE5E27ACBFA300990E37 /* UITextField+.swift */ = {isa = PBXFileReference; lastKnownFileType = sourcecode.swift; path = "UITextField+.swift"; sourceTree = "<group>"; };
		7B5EEE6027AD10E500990E37 /* ProcessView.swift */ = {isa = PBXFileReference; lastKnownFileType = sourcecode.swift; path = ProcessView.swift; sourceTree = "<group>"; };
		7B5EEE6227AD481900990E37 /* ProcessViewModel.swift */ = {isa = PBXFileReference; lastKnownFileType = sourcecode.swift; path = ProcessViewModel.swift; sourceTree = "<group>"; };
		7B5EEE6427AEBCD800990E37 /* FilterViewController.swift */ = {isa = PBXFileReference; lastKnownFileType = sourcecode.swift; path = FilterViewController.swift; sourceTree = "<group>"; };
		7B5EEE6727B00F0300990E37 /* BaseItemView.swift */ = {isa = PBXFileReference; lastKnownFileType = sourcecode.swift; path = BaseItemView.swift; sourceTree = "<group>"; };
		7B5EEE6927B0103500990E37 /* ProductListItemCell.swift */ = {isa = PBXFileReference; lastKnownFileType = sourcecode.swift; path = ProductListItemCell.swift; sourceTree = "<group>"; };
		7B5EEE6B27B01AA600990E37 /* HomeView+CompositionalLayout.swift */ = {isa = PBXFileReference; lastKnownFileType = sourcecode.swift; path = "HomeView+CompositionalLayout.swift"; sourceTree = "<group>"; };
		7B5EEE6D27B01E9A00990E37 /* HomeView.swift */ = {isa = PBXFileReference; lastKnownFileType = sourcecode.swift; path = HomeView.swift; sourceTree = "<group>"; };
		7B5EEE6F27B0F25500990E37 /* HomeResponseDTO+Mapping.swift */ = {isa = PBXFileReference; lastKnownFileType = sourcecode.swift; path = "HomeResponseDTO+Mapping.swift"; sourceTree = "<group>"; };
		7B5EEE7127B10CD800990E37 /* HomeRepositoryInterface.swift */ = {isa = PBXFileReference; lastKnownFileType = sourcecode.swift; path = HomeRepositoryInterface.swift; sourceTree = "<group>"; };
		7B8EAA77279FBBB600B07259 /* ProductRepositoryInterface.swift */ = {isa = PBXFileReference; lastKnownFileType = sourcecode.swift; path = ProductRepositoryInterface.swift; sourceTree = "<group>"; };
		7B8EAA7E279FC38300B07259 /* BaseDIViewController.swift */ = {isa = PBXFileReference; lastKnownFileType = sourcecode.swift; path = BaseDIViewController.swift; sourceTree = "<group>"; };
		7B8EAA8527A0DB4700B07259 /* ValidationHelper.swift */ = {isa = PBXFileReference; lastKnownFileType = sourcecode.swift; path = ValidationHelper.swift; sourceTree = "<group>"; };
		7B8EAA8727A17C3000B07259 /* JoinViewController.swift */ = {isa = PBXFileReference; lastKnownFileType = sourcecode.swift; path = JoinViewController.swift; sourceTree = "<group>"; };
		7B8EAA8927A17C7600B07259 /* JoinView.swift */ = {isa = PBXFileReference; lastKnownFileType = sourcecode.swift; path = JoinView.swift; sourceTree = "<group>"; };
		7B8EAA8B27A17F3600B07259 /* JoinViewModel.swift */ = {isa = PBXFileReference; lastKnownFileType = sourcecode.swift; path = JoinViewModel.swift; sourceTree = "<group>"; };
		7B8EAA8D27A1919600B07259 /* LoginViewController.swift */ = {isa = PBXFileReference; lastKnownFileType = sourcecode.swift; path = LoginViewController.swift; sourceTree = "<group>"; };
		7B8EAA8F27A191A300B07259 /* LoginViewModel.swift */ = {isa = PBXFileReference; lastKnownFileType = sourcecode.swift; path = LoginViewModel.swift; sourceTree = "<group>"; };
		7B8EAA9127A191AA00B07259 /* LoginView.swift */ = {isa = PBXFileReference; lastKnownFileType = sourcecode.swift; path = LoginView.swift; sourceTree = "<group>"; };
		7B8EAA9827A23BDB00B07259 /* Auth.swift */ = {isa = PBXFileReference; lastKnownFileType = sourcecode.swift; path = Auth.swift; sourceTree = "<group>"; };
		7B8EAA9B27A240F900B07259 /* NetworkConfigurable.swift */ = {isa = PBXFileReference; lastKnownFileType = sourcecode.swift; path = NetworkConfigurable.swift; sourceTree = "<group>"; };
		7B8EAA9D27A2411700B07259 /* Endpoint.swift */ = {isa = PBXFileReference; lastKnownFileType = sourcecode.swift; path = Endpoint.swift; sourceTree = "<group>"; };
		7B8EAA9F27A2412700B07259 /* NetworkService.swift */ = {isa = PBXFileReference; lastKnownFileType = sourcecode.swift; path = NetworkService.swift; sourceTree = "<group>"; };
		7B8EAAA127A2414300B07259 /* DataTransferService.swift */ = {isa = PBXFileReference; lastKnownFileType = sourcecode.swift; path = DataTransferService.swift; sourceTree = "<group>"; };
		7B8EAAA927A25ED800B07259 /* APIEndpoints.swift */ = {isa = PBXFileReference; lastKnownFileType = sourcecode.swift; path = APIEndpoints.swift; sourceTree = "<group>"; };
		7B8EAAAC27A25FC300B07259 /* AuthRequestDTO+Mapping.swift */ = {isa = PBXFileReference; lastKnownFileType = sourcecode.swift; path = "AuthRequestDTO+Mapping.swift"; sourceTree = "<group>"; };
		7B8EAAAE27A2601C00B07259 /* AuthResponseDTO+Mapping.swift */ = {isa = PBXFileReference; lastKnownFileType = sourcecode.swift; path = "AuthResponseDTO+Mapping.swift"; sourceTree = "<group>"; };
		7BB0110A278AE227005E5C9E /* NavigateMenuBaseController.swift */ = {isa = PBXFileReference; lastKnownFileType = sourcecode.swift; path = NavigateMenuBaseController.swift; sourceTree = "<group>"; };
		7BB01112278BC44E005E5C9E /* ViewConfiguration.swift */ = {isa = PBXFileReference; lastKnownFileType = sourcecode.swift; path = ViewConfiguration.swift; sourceTree = "<group>"; };
		7BB01114278BC6D1005E5C9E /* BindingTextField.swift */ = {isa = PBXFileReference; lastKnownFileType = sourcecode.swift; path = BindingTextField.swift; sourceTree = "<group>"; };
		7BB01116278BCA54005E5C9E /* Observable.swift */ = {isa = PBXFileReference; lastKnownFileType = sourcecode.swift; path = Observable.swift; sourceTree = "<group>"; };
		7BB01120278BD66C005E5C9E /* UIView+.swift */ = {isa = PBXFileReference; lastKnownFileType = sourcecode.swift; path = "UIView+.swift"; sourceTree = "<group>"; };
		7BF82E0127A2CD17007E0A79 /* JoinRequestDTO+Mapping.swift */ = {isa = PBXFileReference; lastKnownFileType = sourcecode.swift; path = "JoinRequestDTO+Mapping.swift"; sourceTree = "<group>"; };
		7BF82E0327A2CD2B007E0A79 /* JoinResponseDTO+Mapping.swift */ = {isa = PBXFileReference; lastKnownFileType = sourcecode.swift; path = "JoinResponseDTO+Mapping.swift"; sourceTree = "<group>"; };
		7BF82E0527A38558007E0A79 /* User.swift */ = {isa = PBXFileReference; lastKnownFileType = sourcecode.swift; path = User.swift; sourceTree = "<group>"; };
		7BF82E0A27A38BB5007E0A79 /* UserRepository.swift */ = {isa = PBXFileReference; lastKnownFileType = sourcecode.swift; path = UserRepository.swift; sourceTree = "<group>"; };
		7BF82E0D27A3CCB9007E0A79 /* Cancellable.swift */ = {isa = PBXFileReference; lastKnownFileType = sourcecode.swift; path = Cancellable.swift; sourceTree = "<group>"; };
		7BF82E1027A5491E007E0A79 /* SizeListViewController.swift */ = {isa = PBXFileReference; lastKnownFileType = sourcecode.swift; path = SizeListViewController.swift; sourceTree = "<group>"; };
		7BF82E1227A54939007E0A79 /* SizeListView.swift */ = {isa = PBXFileReference; lastKnownFileType = sourcecode.swift; path = SizeListView.swift; sourceTree = "<group>"; };
		7BF82E1427A54944007E0A79 /* SizeListViewModel.swift */ = {isa = PBXFileReference; lastKnownFileType = sourcecode.swift; path = SizeListViewModel.swift; sourceTree = "<group>"; };
		7BF82E1827A56C8B007E0A79 /* ErrorMessage.swift */ = {isa = PBXFileReference; lastKnownFileType = sourcecode.swift; path = ErrorMessage.swift; sourceTree = "<group>"; };
		ACB4ED80299F0DBFDC69F091 /* Pods-Cream.debug.xcconfig */ = {isa = PBXFileReference; includeInIndex = 1; lastKnownFileType = text.xcconfig; name = "Pods-Cream.debug.xcconfig"; path = "Target Support Files/Pods-Cream/Pods-Cream.debug.xcconfig"; sourceTree = "<group>"; };
		C13476F4A6CBAC0C05953691 /* Pods-Cream.release.xcconfig */ = {isa = PBXFileReference; includeInIndex = 1; lastKnownFileType = text.xcconfig; name = "Pods-Cream.release.xcconfig"; path = "Target Support Files/Pods-Cream/Pods-Cream.release.xcconfig"; sourceTree = "<group>"; };
/* End PBXFileReference section */

/* Begin PBXFrameworksBuildPhase section */
		7B36DB072789202800D8ACB0 /* Frameworks */ = {
			isa = PBXFrameworksBuildPhase;
			buildActionMask = 2147483647;
			files = (
				7BDA4016278979AB0093E75F /* Kingfisher in Frameworks */,
				7BDA400D278978500093E75F /* BetterSegmentedControl in Frameworks */,
				7BDA40132789793B0093E75F /* Alamofire in Frameworks */,
				7BDA4019278A9BF70093E75F /* BSImagePicker in Frameworks */,
				7BB0110F278BBBAC005E5C9E /* SnapKit in Frameworks */,
				7BDA4021278A9D540093E75F /* SwipeCellKit in Frameworks */,
				3AA6865D5E6AC36E76D7F9E1 /* Pods_Cream.framework in Frameworks */,
			);
			runOnlyForDeploymentPostprocessing = 0;
		};
/* End PBXFrameworksBuildPhase section */

/* Begin PBXGroup section */
		4A27CD989B739ADF78A05923 /* Frameworks */ = {
			isa = PBXGroup;
			children = (
				6A30B26FB25B22F519249FD4 /* Pods_Cream.framework */,
			);
			name = Frameworks;
			sourceTree = "<group>";
		};
		7B193C7F27944AF000B934A3 /* SupportFile */ = {
			isa = PBXGroup;
			children = (
				7B193CA42798F4CC00B934A3 /* DebugLog.swift */,
				7B193CA62799189900B934A3 /* WishButton.swift */,
				7B54D707279045F400214664 /* TradeButton.swift */,
				7B193CAA2799B3D900B934A3 /* SizeButton.swift */,
				7B5EEE4C27A9195E00990E37 /* SizePriceButton.swift */,
				7B8EAA8527A0DB4700B07259 /* ValidationHelper.swift */,
				7BF82E1827A56C8B007E0A79 /* ErrorMessage.swift */,
				7B5EEE4F27A95DCB00990E37 /* ImageLoader.swift */,
			);
			path = SupportFile;
			sourceTree = "<group>";
		};
		7B193C8E2796EC1500B934A3 /* Protocol */ = {
			isa = PBXGroup;
			children = (
				7BB01112278BC44E005E5C9E /* ViewConfiguration.swift */,
			);
			path = Protocol;
			sourceTree = "<group>";
		};
		7B193C8F2796F8C900B934A3 /* ProductScene */ = {
			isa = PBXGroup;
			children = (
				7B8EAA82279FCDFE00B07259 /* Views */,
				7B5EEE2827A5AD7A00990E37 /* ProductViewController.swift */,
				7B5EEE2A27A5AD8500990E37 /* ProductViewModel.swift */,
				7B5EEE2C27A5B08B00990E37 /* ProductView.swift */,
				7B5EEE4827A83A6900990E37 /* ProductView+CompositionalLayout.swift */,
				7B193CA82799447900B934A3 /* ProductViewModelItem.swift */,
			);
			path = ProductScene;
			sourceTree = "<group>";
		};
		7B35667D2791B28D00C45A68 /* ProductListScene */ = {
			isa = PBXGroup;
			children = (
				7B954B56279ECDA700B80BE8 /* Views */,
				7B5EEE3827A770AA00990E37 /* ProductListViewController.swift */,
				7B5EEE3C27A773AE00990E37 /* ProductListViewModel.swift */,
				7B5EEE3A27A7713100990E37 /* ProductListView.swift */,
				7B5EEE6427AEBCD800990E37 /* FilterViewController.swift */,
			);
			path = ProductListScene;
			sourceTree = "<group>";
		};
		7B35667E2791B29500C45A68 /* HomeScene */ = {
			isa = PBXGroup;
			children = (
				7B8EAA7B279FBC6100B07259 /* Views */,
				7B3566812791E53C00C45A68 /* HomeViewController.swift */,
				7B193C942797900E00B934A3 /* HomeViewModel.swift */,
				7B5EEE6D27B01E9A00990E37 /* HomeView.swift */,
				7B5EEE6B27B01AA600990E37 /* HomeView+CompositionalLayout.swift */,
			);
			path = HomeScene;
			sourceTree = "<group>";
		};
		7B356685279241F100C45A68 /* MyPageScene */ = {
			isa = PBXGroup;
			children = (
				7B3566862792420300C45A68 /* MyPageViewController.swift */,
			);
			path = MyPageScene;
			sourceTree = "<group>";
		};
		7B36DB012789202800D8ACB0 = {
			isa = PBXGroup;
			children = (
				7B36DB0C2789202800D8ACB0 /* Cream */,
				7B36DB0B2789202800D8ACB0 /* Products */,
				8054DFD6B3DB5002DFAF10ED /* Pods */,
				4A27CD989B739ADF78A05923 /* Frameworks */,
			);
			sourceTree = "<group>";
		};
		7B36DB0B2789202800D8ACB0 /* Products */ = {
			isa = PBXGroup;
			children = (
				7B36DB0A2789202800D8ACB0 /* Cream.app */,
			);
			name = Products;
			sourceTree = "<group>";
		};
		7B36DB0C2789202800D8ACB0 /* Cream */ = {
			isa = PBXGroup;
			children = (
				7B193C7F27944AF000B934A3 /* SupportFile */,
				7BB0110C278AF1C3005E5C9E /* Application */,
				7BB0111D278BD321005E5C9E /* Extension */,
				7BB0111C278BCEE9005E5C9E /* Presentation */,
				7B8EAA80279FCA3A00B07259 /* Domain */,
				7B8EAAA427A2536800B07259 /* Data */,
				7B8EAA81279FCA5700B07259 /* Infrastructure */,
				7B36DB162789202A00D8ACB0 /* Assets.xcassets */,
				7B36DB182789202A00D8ACB0 /* LaunchScreen.storyboard */,
				7B36DB1B2789202A00D8ACB0 /* Info.plist */,
				7BB01116278BCA54005E5C9E /* Observable.swift */,
				7BB01114278BC6D1005E5C9E /* BindingTextField.swift */,
				7B3566832791E66400C45A68 /* HTTPMethod.swift */,
			);
			path = Cream;
			sourceTree = "<group>";
		};
		7B54D6FA278EF2D900214664 /* JoinScene */ = {
			isa = PBXGroup;
			children = (
				7B8EAA8727A17C3000B07259 /* JoinViewController.swift */,
				7B8EAA8B27A17F3600B07259 /* JoinViewModel.swift */,
				7B8EAA8927A17C7600B07259 /* JoinView.swift */,
			);
			path = JoinScene;
			sourceTree = "<group>";
		};
		7B5EEE4027A819D400990E37 /* Views */ = {
			isa = PBXGroup;
			children = (
				7B54D7032790351400214664 /* SizeListCell.swift */,
			);
			path = Views;
			sourceTree = "<group>";
		};
		7B5EEE4327A832B600990E37 /* TradeScene */ = {
			isa = PBXGroup;
			children = (
				7B5EEE5927AB7D9900990E37 /* Views */,
				7B193CB4279D115500B934A3 /* TradeViewController.swift */,
				7B5EEE4427A8390C00990E37 /* TradeViewModel.swift */,
				7B5EEE4627A8391700990E37 /* TradeView.swift */,
				7B5EEE5C27ABDC9B00990E37 /* ProcessViewController.swift */,
				7B5EEE6227AD481900990E37 /* ProcessViewModel.swift */,
				7B5EEE6027AD10E500990E37 /* ProcessView.swift */,
			);
			path = TradeScene;
			sourceTree = "<group>";
		};
		7B5EEE5927AB7D9900990E37 /* Views */ = {
			isa = PBXGroup;
			children = (
				7B5EEE5527A9A0B000990E37 /* TradePriceView.swift */,
			);
			path = Views;
			sourceTree = "<group>";
		};
		7B8EAA7B279FBC6100B07259 /* Views */ = {
			isa = PBXGroup;
			children = (
				7B5EEE6727B00F0300990E37 /* BaseItemView.swift */,
				7B193C822794D3D300B934A3 /* HomeViewItemCell.swift */,
				7B193C8827965E5A00B934A3 /* HomeViewCategoryHeaderView.swift */,
			);
			path = Views;
			sourceTree = "<group>";
		};
		7B8EAA80279FCA3A00B07259 /* Domain */ = {
			isa = PBXGroup;
			children = (
				7BF82E0727A38B57007E0A79 /* Interfaces */,
				7B8EAA9527A22E7300B07259 /* Entities */,
				7B8EAAA327A2527900B07259 /* UseCases */,
			);
			path = Domain;
			sourceTree = "<group>";
		};
		7B8EAA81279FCA5700B07259 /* Infrastructure */ = {
			isa = PBXGroup;
			children = (
				7B8EAA9A27A240E100B07259 /* Network */,
				7BF82E0C27A3CCA9007E0A79 /* Common */,
			);
			path = Infrastructure;
			sourceTree = "<group>";
		};
		7B8EAA82279FCDFE00B07259 /* Views */ = {
			isa = PBXGroup;
			children = (
				7B193CAE279A67E900B934A3 /* PageControlFooterView.swift */,
				7B193CA02798EE7E00B934A3 /* ItemInfoCell.swift */,
				7B193CA22798F3B600B934A3 /* ReleaseInfoCell.swift */,
			);
			path = Views;
			sourceTree = "<group>";
		};
		7B8EAA9527A22E7300B07259 /* Entities */ = {
			isa = PBXGroup;
			children = (
				7B8EAA9827A23BDB00B07259 /* Auth.swift */,
				7BF82E0527A38558007E0A79 /* User.swift */,
				7B5EEE3627A6C6B000990E37 /* Product.swift */,
			);
			path = Entities;
			sourceTree = "<group>";
		};
		7B8EAA9A27A240E100B07259 /* Network */ = {
			isa = PBXGroup;
			children = (
				7B8EAA9B27A240F900B07259 /* NetworkConfigurable.swift */,
				7B8EAA9D27A2411700B07259 /* Endpoint.swift */,
				7B8EAA9F27A2412700B07259 /* NetworkService.swift */,
				7B8EAAA127A2414300B07259 /* DataTransferService.swift */,
			);
			path = Network;
			sourceTree = "<group>";
		};
		7B8EAAA327A2527900B07259 /* UseCases */ = {
			isa = PBXGroup;
			children = (
				7B5EEE2127A58A4400990E37 /* UserUseCase.swift */,
				7B5EEE3227A6B01900990E37 /* ProductUseCase.swift */,
			);
			path = UseCases;
			sourceTree = "<group>";
		};
		7B8EAAA427A2536800B07259 /* Data */ = {
			isa = PBXGroup;
			children = (
				7BF82E0927A38B83007E0A79 /* Repositories */,
				7B8EAAA827A25EBA00B07259 /* Network */,
			);
			path = Data;
			sourceTree = "<group>";
		};
		7B8EAAA827A25EBA00B07259 /* Network */ = {
			isa = PBXGroup;
			children = (
				7B8EAAAB27A25F7D00B07259 /* DataMapping */,
				7B8EAAA927A25ED800B07259 /* APIEndpoints.swift */,
			);
			path = Network;
			sourceTree = "<group>";
		};
		7B8EAAAB27A25F7D00B07259 /* DataMapping */ = {
			isa = PBXGroup;
			children = (
				7B8EAAAC27A25FC300B07259 /* AuthRequestDTO+Mapping.swift */,
				7B8EAAAE27A2601C00B07259 /* AuthResponseDTO+Mapping.swift */,
				7BF82E0127A2CD17007E0A79 /* JoinRequestDTO+Mapping.swift */,
				7BF82E0327A2CD2B007E0A79 /* JoinResponseDTO+Mapping.swift */,
				7B5EEE2E27A69ADA00990E37 /* ProductResponseDTO+Mapping.swift */,
				7B5EEE6F27B0F25500990E37 /* HomeResponseDTO+Mapping.swift */,
			);
			path = DataMapping;
			sourceTree = "<group>";
		};
		7B954B56279ECDA700B80BE8 /* Views */ = {
			isa = PBXGroup;
			children = (
				7B193C8A27965EE500B934A3 /* ShopViewFilterHeaderView.swift */,
				7B5EEE6927B0103500990E37 /* ProductListItemCell.swift */,
				7B193C8C2796B6A900B934A3 /* ShopBannerCell.swift */,
				7B193C962797E49700B934A3 /* FilterImageCell.swift */,
				7B193C982797E4C700B934A3 /* FilterCell.swift */,
			);
			path = Views;
			sourceTree = "<group>";
		};
		7BB0110C278AF1C3005E5C9E /* Application */ = {
			isa = PBXGroup;
			children = (
				7B36DB0D2789202800D8ACB0 /* AppDelegate.swift */,
				7B36DB0F2789202800D8ACB0 /* SceneDelegate.swift */,
			);
			path = Application;
			sourceTree = "<group>";
		};
		7BB0111A278BCEB7005E5C9E /* LoginScene */ = {
			isa = PBXGroup;
			children = (
				7B8EAA8D27A1919600B07259 /* LoginViewController.swift */,
				7B8EAA8F27A191A300B07259 /* LoginViewModel.swift */,
				7B8EAA9127A191AA00B07259 /* LoginView.swift */,
			);
			path = LoginScene;
			sourceTree = "<group>";
		};
		7BB0111B278BCED4005E5C9E /* Base */ = {
			isa = PBXGroup;
			children = (
				7B193C8E2796EC1500B934A3 /* Protocol */,
				7BB0110A278AE227005E5C9E /* NavigateMenuBaseController.swift */,
				7B8EAA7E279FC38300B07259 /* BaseDIViewController.swift */,
			);
			path = Base;
			sourceTree = "<group>";
		};
		7BB0111C278BCEE9005E5C9E /* Presentation */ = {
			isa = PBXGroup;
			children = (
				7BB0111B278BCED4005E5C9E /* Base */,
				7B35667E2791B29500C45A68 /* HomeScene */,
				7B35667D2791B28D00C45A68 /* ProductListScene */,
				7B193C8F2796F8C900B934A3 /* ProductScene */,
				7B5EEE4327A832B600990E37 /* TradeScene */,
				7BB0111A278BCEB7005E5C9E /* LoginScene */,
				7B54D6FA278EF2D900214664 /* JoinScene */,
				7BF82E0F27A3FE21007E0A79 /* SizeSelectScene */,
				7B356685279241F100C45A68 /* MyPageScene */,
			);
			path = Presentation;
			sourceTree = "<group>";
		};
		7BB0111D278BD321005E5C9E /* Extension */ = {
			isa = PBXGroup;
			children = (
				7BB01120278BD66C005E5C9E /* UIView+.swift */,
				7B5EEE2627A58ED800990E37 /* UIStackView+.swift */,
				7B193CAC2799BDEF00B934A3 /* UIColor+.swift */,
				7B193CB2279BE1A000B934A3 /* CALayer+.swift */,
				7B5EEE3E27A80E8B00990E37 /* String+.swift */,
				7B5EEE5E27ACBFA300990E37 /* UITextField+.swift */,
			);
			path = Extension;
			sourceTree = "<group>";
		};
		7BF82E0727A38B57007E0A79 /* Interfaces */ = {
			isa = PBXGroup;
			children = (
				7BF82E0827A38B6D007E0A79 /* Repositories */,
			);
			path = Interfaces;
			sourceTree = "<group>";
		};
		7BF82E0827A38B6D007E0A79 /* Repositories */ = {
			isa = PBXGroup;
			children = (
				7B5EEE2327A58A9C00990E37 /* UserRepositoryInterface.swift */,
				7B8EAA77279FBBB600B07259 /* ProductRepositoryInterface.swift */,
				7B5EEE7127B10CD800990E37 /* HomeRepositoryInterface.swift */,
			);
			path = Repositories;
			sourceTree = "<group>";
		};
		7BF82E0927A38B83007E0A79 /* Repositories */ = {
			isa = PBXGroup;
			children = (
				7BF82E0A27A38BB5007E0A79 /* UserRepository.swift */,
				7B5EEE3427A6B0D300990E37 /* ProductRepository.swift */,
			);
			path = Repositories;
			sourceTree = "<group>";
		};
		7BF82E0C27A3CCA9007E0A79 /* Common */ = {
			isa = PBXGroup;
			children = (
				7BF82E0D27A3CCB9007E0A79 /* Cancellable.swift */,
			);
			path = Common;
			sourceTree = "<group>";
		};
		7BF82E0F27A3FE21007E0A79 /* SizeSelectScene */ = {
			isa = PBXGroup;
			children = (
				7B5EEE4027A819D400990E37 /* Views */,
				7BF82E1027A5491E007E0A79 /* SizeListViewController.swift */,
				7BF82E1427A54944007E0A79 /* SizeListViewModel.swift */,
				7BF82E1227A54939007E0A79 /* SizeListView.swift */,
				7B35667B27914EF200C45A68 /* SizeListCellViewModel.swift */,
			);
			path = SizeSelectScene;
			sourceTree = "<group>";
		};
		8054DFD6B3DB5002DFAF10ED /* Pods */ = {
			isa = PBXGroup;
			children = (
				ACB4ED80299F0DBFDC69F091 /* Pods-Cream.debug.xcconfig */,
				C13476F4A6CBAC0C05953691 /* Pods-Cream.release.xcconfig */,
			);
			path = Pods;
			sourceTree = "<group>";
		};
/* End PBXGroup section */

/* Begin PBXNativeTarget section */
		7B36DB092789202800D8ACB0 /* Cream */ = {
			isa = PBXNativeTarget;
			buildConfigurationList = 7B36DB1E2789202A00D8ACB0 /* Build configuration list for PBXNativeTarget "Cream" */;
			buildPhases = (
				9FC258BA16494BAFCC2CD6E0 /* [CP] Check Pods Manifest.lock */,
				7B36DB062789202800D8ACB0 /* Sources */,
				7B36DB072789202800D8ACB0 /* Frameworks */,
				7B36DB082789202800D8ACB0 /* Resources */,
				9503B60BEC493711602D10E4 /* [CP] Embed Pods Frameworks */,
			);
			buildRules = (
			);
			dependencies = (
			);
			name = Cream;
			packageProductDependencies = (
				7BDA400C278978500093E75F /* BetterSegmentedControl */,
				7BDA40122789793B0093E75F /* Alamofire */,
				7BDA4015278979AB0093E75F /* Kingfisher */,
				7BDA4018278A9BF70093E75F /* BSImagePicker */,
				7BDA4020278A9D540093E75F /* SwipeCellKit */,
				7BB0110E278BBBAC005E5C9E /* SnapKit */,
			);
			productName = Cream;
			productReference = 7B36DB0A2789202800D8ACB0 /* Cream.app */;
			productType = "com.apple.product-type.application";
		};
/* End PBXNativeTarget section */

/* Begin PBXProject section */
		7B36DB022789202800D8ACB0 /* Project object */ = {
			isa = PBXProject;
			attributes = {
				BuildIndependentTargetsInParallel = 1;
				LastSwiftUpdateCheck = 1310;
				LastUpgradeCheck = 1310;
				TargetAttributes = {
					7B36DB092789202800D8ACB0 = {
						CreatedOnToolsVersion = 13.1;
					};
				};
			};
			buildConfigurationList = 7B36DB052789202800D8ACB0 /* Build configuration list for PBXProject "Cream" */;
			compatibilityVersion = "Xcode 13.0";
			developmentRegion = en;
			hasScannedForEncodings = 0;
			knownRegions = (
				en,
				Base,
			);
			mainGroup = 7B36DB012789202800D8ACB0;
			packageReferences = (
				7BDA400B278978500093E75F /* XCRemoteSwiftPackageReference "BetterSegmentedControl" */,
				7BDA40112789793B0093E75F /* XCRemoteSwiftPackageReference "Alamofire" */,
				7BDA4014278979AB0093E75F /* XCRemoteSwiftPackageReference "Kingfisher" */,
				7BDA4017278A9BF70093E75F /* XCRemoteSwiftPackageReference "BSImagePicker" */,
				7BDA401F278A9D540093E75F /* XCRemoteSwiftPackageReference "SwipeCellKit" */,
				7BB0110D278BBBAB005E5C9E /* XCRemoteSwiftPackageReference "SnapKit" */,
			);
			productRefGroup = 7B36DB0B2789202800D8ACB0 /* Products */;
			projectDirPath = "";
			projectRoot = "";
			targets = (
				7B36DB092789202800D8ACB0 /* Cream */,
			);
		};
/* End PBXProject section */

/* Begin PBXResourcesBuildPhase section */
		7B36DB082789202800D8ACB0 /* Resources */ = {
			isa = PBXResourcesBuildPhase;
			buildActionMask = 2147483647;
			files = (
				7BF82E1A27A57117007E0A79 /* Assets.xcassets in Resources */,
				7B36DB1A2789202A00D8ACB0 /* LaunchScreen.storyboard in Resources */,
			);
			runOnlyForDeploymentPostprocessing = 0;
		};
/* End PBXResourcesBuildPhase section */

/* Begin PBXShellScriptBuildPhase section */
		9503B60BEC493711602D10E4 /* [CP] Embed Pods Frameworks */ = {
			isa = PBXShellScriptBuildPhase;
			buildActionMask = 2147483647;
			files = (
			);
			inputFileListPaths = (
				"${PODS_ROOT}/Target Support Files/Pods-Cream/Pods-Cream-frameworks-${CONFIGURATION}-input-files.xcfilelist",
			);
			name = "[CP] Embed Pods Frameworks";
			outputFileListPaths = (
				"${PODS_ROOT}/Target Support Files/Pods-Cream/Pods-Cream-frameworks-${CONFIGURATION}-output-files.xcfilelist",
			);
			runOnlyForDeploymentPostprocessing = 0;
			shellPath = /bin/sh;
			shellScript = "\"${PODS_ROOT}/Target Support Files/Pods-Cream/Pods-Cream-frameworks.sh\"\n";
			showEnvVarsInLog = 0;
		};
		9FC258BA16494BAFCC2CD6E0 /* [CP] Check Pods Manifest.lock */ = {
			isa = PBXShellScriptBuildPhase;
			buildActionMask = 2147483647;
			files = (
			);
			inputFileListPaths = (
			);
			inputPaths = (
				"${PODS_PODFILE_DIR_PATH}/Podfile.lock",
				"${PODS_ROOT}/Manifest.lock",
			);
			name = "[CP] Check Pods Manifest.lock";
			outputFileListPaths = (
			);
			outputPaths = (
				"$(DERIVED_FILE_DIR)/Pods-Cream-checkManifestLockResult.txt",
			);
			runOnlyForDeploymentPostprocessing = 0;
			shellPath = /bin/sh;
			shellScript = "diff \"${PODS_PODFILE_DIR_PATH}/Podfile.lock\" \"${PODS_ROOT}/Manifest.lock\" > /dev/null\nif [ $? != 0 ] ; then\n    # print error to STDERR\n    echo \"error: The sandbox is not in sync with the Podfile.lock. Run 'pod install' or update your CocoaPods installation.\" >&2\n    exit 1\nfi\n# This output is used by Xcode 'outputs' to avoid re-running this script phase.\necho \"SUCCESS\" > \"${SCRIPT_OUTPUT_FILE_0}\"\n";
			showEnvVarsInLog = 0;
		};
/* End PBXShellScriptBuildPhase section */

/* Begin PBXSourcesBuildPhase section */
		7B36DB062789202800D8ACB0 /* Sources */ = {
			isa = PBXSourcesBuildPhase;
			buildActionMask = 2147483647;
			files = (
				7B5EEE5F27ACBFA300990E37 /* UITextField+.swift in Sources */,
				7B8EAAA227A2414300B07259 /* DataTransferService.swift in Sources */,
				7B8EAA8E27A1919600B07259 /* LoginViewController.swift in Sources */,
				7B5EEE6A27B0103500990E37 /* ProductListItemCell.swift in Sources */,
				7B5EEE2D27A5B08B00990E37 /* ProductView.swift in Sources */,
				7B193C952797900E00B934A3 /* HomeViewModel.swift in Sources */,
				7B8EAA8827A17C3000B07259 /* JoinViewController.swift in Sources */,
				7B3566872792420300C45A68 /* MyPageViewController.swift in Sources */,
				7B5EEE2427A58A9C00990E37 /* UserRepositoryInterface.swift in Sources */,
				7B193CB5279D115500B934A3 /* TradeViewController.swift in Sources */,
				7B5EEE3B27A7713100990E37 /* ProductListView.swift in Sources */,
				7B193C972797E49700B934A3 /* FilterImageCell.swift in Sources */,
				7B193CA12798EE7E00B934A3 /* ItemInfoCell.swift in Sources */,
				7B8EAA9E27A2411700B07259 /* Endpoint.swift in Sources */,
				7B5EEE6327AD481900990E37 /* ProcessViewModel.swift in Sources */,
				7B5EEE4927A83A6900990E37 /* ProductView+CompositionalLayout.swift in Sources */,
				7B5EEE5D27ABDC9B00990E37 /* ProcessViewController.swift in Sources */,
				7BF82E0E27A3CCB9007E0A79 /* Cancellable.swift in Sources */,
				7B5EEE3327A6B01900990E37 /* ProductUseCase.swift in Sources */,
				7B8EAA9027A191A300B07259 /* LoginViewModel.swift in Sources */,
				7B8EAAAD27A25FC300B07259 /* AuthRequestDTO+Mapping.swift in Sources */,
				7B36DB0E2789202800D8ACB0 /* AppDelegate.swift in Sources */,
				7B193C832794D3D300B934A3 /* HomeViewItemCell.swift in Sources */,
				7B193CA72799189900B934A3 /* WishButton.swift in Sources */,
				7B5EEE2727A58ED800990E37 /* UIStackView+.swift in Sources */,
				7B3566822791E53C00C45A68 /* HomeViewController.swift in Sources */,
				7B193C992797E4C700B934A3 /* FilterCell.swift in Sources */,
				7BF82E0627A38558007E0A79 /* User.swift in Sources */,
				7B8EAA8C27A17F3600B07259 /* JoinViewModel.swift in Sources */,
				7BF82E1327A54939007E0A79 /* SizeListView.swift in Sources */,
				7B8EAA9227A191AA00B07259 /* LoginView.swift in Sources */,
				7B193C8D2796B6A900B934A3 /* ShopBannerCell.swift in Sources */,
				7B5EEE4527A8390C00990E37 /* TradeViewModel.swift in Sources */,
				7B5EEE3727A6C6B000990E37 /* Product.swift in Sources */,
				7B54D708279045F400214664 /* TradeButton.swift in Sources */,
				7B5EEE2227A58A4400990E37 /* UserUseCase.swift in Sources */,
				7BB0110B278AE227005E5C9E /* NavigateMenuBaseController.swift in Sources */,
				7B193CAF279A67E900B934A3 /* PageControlFooterView.swift in Sources */,
				7B8EAAA027A2412700B07259 /* NetworkService.swift in Sources */,
				7B193CA32798F3B600B934A3 /* ReleaseInfoCell.swift in Sources */,
				7B5EEE2B27A5AD8500990E37 /* ProductViewModel.swift in Sources */,
				7B5EEE3527A6B0D300990E37 /* ProductRepository.swift in Sources */,
				7B193C8B27965EE500B934A3 /* ShopViewFilterHeaderView.swift in Sources */,
				7BB01113278BC44E005E5C9E /* ViewConfiguration.swift in Sources */,
				7B8EAA8627A0DB4700B07259 /* ValidationHelper.swift in Sources */,
				7B193CAB2799B3D900B934A3 /* SizeButton.swift in Sources */,
				7B5EEE3F27A80E8B00990E37 /* String+.swift in Sources */,
				7B5EEE3927A770AA00990E37 /* ProductListViewController.swift in Sources */,
				7B8EAA7F279FC38300B07259 /* BaseDIViewController.swift in Sources */,
				7B193CA52798F4CC00B934A3 /* DebugLog.swift in Sources */,
				7B5EEE3D27A773AE00990E37 /* ProductListViewModel.swift in Sources */,
				7BF82E1127A5491E007E0A79 /* SizeListViewController.swift in Sources */,
				7B5EEE7227B10CD800990E37 /* HomeRepositoryInterface.swift in Sources */,
				7B193CA92799447900B934A3 /* ProductViewModelItem.swift in Sources */,
				7BB01117278BCA54005E5C9E /* Observable.swift in Sources */,
				7B8EAA9C27A240F900B07259 /* NetworkConfigurable.swift in Sources */,
				7BB01115278BC6D1005E5C9E /* BindingTextField.swift in Sources */,
				7B5EEE5627A9A0B000990E37 /* TradePriceView.swift in Sources */,
				7BB01121278BD66C005E5C9E /* UIView+.swift in Sources */,
				7B36DB102789202800D8ACB0 /* SceneDelegate.swift in Sources */,
				7B5EEE6E27B01E9A00990E37 /* HomeView.swift in Sources */,
				7B5EEE6527AEBCD800990E37 /* FilterViewController.swift in Sources */,
				7B5EEE4D27A9195E00990E37 /* SizePriceButton.swift in Sources */,
				7B8EAA78279FBBB600B07259 /* ProductRepositoryInterface.swift in Sources */,
				7B54D7042790351400214664 /* SizeListCell.swift in Sources */,
				7B5EEE4727A8391700990E37 /* TradeView.swift in Sources */,
				7B193C8927965E5A00B934A3 /* HomeViewCategoryHeaderView.swift in Sources */,
				7B5EEE7027B0F25500990E37 /* HomeResponseDTO+Mapping.swift in Sources */,
				7BF82E1927A56C8B007E0A79 /* ErrorMessage.swift in Sources */,
				7B5EEE6127AD10E500990E37 /* ProcessView.swift in Sources */,
				7B5EEE2F27A69ADA00990E37 /* ProductResponseDTO+Mapping.swift in Sources */,
				7B193CAD2799BDEF00B934A3 /* UIColor+.swift in Sources */,
				7B5EEE6827B00F0300990E37 /* BaseItemView.swift in Sources */,
				7B3566842791E66400C45A68 /* HTTPMethod.swift in Sources */,
				7B35667C27914EF200C45A68 /* SizeListCellViewModel.swift in Sources */,
				7BF82E0227A2CD18007E0A79 /* JoinRequestDTO+Mapping.swift in Sources */,
				7BF82E1527A54944007E0A79 /* SizeListViewModel.swift in Sources */,
				7B5EEE6C27B01AA600990E37 /* HomeView+CompositionalLayout.swift in Sources */,
				7B5EEE5027A95DCB00990E37 /* ImageLoader.swift in Sources */,
				7BF82E0B27A38BB5007E0A79 /* UserRepository.swift in Sources */,
				7B8EAA8A27A17C7600B07259 /* JoinView.swift in Sources */,
				7B8EAAAF27A2601C00B07259 /* AuthResponseDTO+Mapping.swift in Sources */,
				7B193CB3279BE1A000B934A3 /* CALayer+.swift in Sources */,
				7B8EAAAA27A25ED800B07259 /* APIEndpoints.swift in Sources */,
				7BF82E0427A2CD2B007E0A79 /* JoinResponseDTO+Mapping.swift in Sources */,
				7B5EEE2927A5AD7A00990E37 /* ProductViewController.swift in Sources */,
				7B8EAA9927A23BDB00B07259 /* Auth.swift in Sources */,
			);
			runOnlyForDeploymentPostprocessing = 0;
		};
/* End PBXSourcesBuildPhase section */

/* Begin PBXVariantGroup section */
		7B36DB182789202A00D8ACB0 /* LaunchScreen.storyboard */ = {
			isa = PBXVariantGroup;
			children = (
				7B36DB192789202A00D8ACB0 /* Base */,
			);
			name = LaunchScreen.storyboard;
			sourceTree = "<group>";
		};
/* End PBXVariantGroup section */

/* Begin XCBuildConfiguration section */
		7B36DB1C2789202A00D8ACB0 /* Debug */ = {
			isa = XCBuildConfiguration;
			buildSettings = {
				ALWAYS_SEARCH_USER_PATHS = NO;
				CLANG_ANALYZER_NONNULL = YES;
				CLANG_ANALYZER_NUMBER_OBJECT_CONVERSION = YES_AGGRESSIVE;
				CLANG_CXX_LANGUAGE_STANDARD = "gnu++17";
				CLANG_CXX_LIBRARY = "libc++";
				CLANG_ENABLE_MODULES = YES;
				CLANG_ENABLE_OBJC_ARC = YES;
				CLANG_ENABLE_OBJC_WEAK = YES;
				CLANG_WARN_BLOCK_CAPTURE_AUTORELEASING = YES;
				CLANG_WARN_BOOL_CONVERSION = YES;
				CLANG_WARN_COMMA = YES;
				CLANG_WARN_CONSTANT_CONVERSION = YES;
				CLANG_WARN_DEPRECATED_OBJC_IMPLEMENTATIONS = YES;
				CLANG_WARN_DIRECT_OBJC_ISA_USAGE = YES_ERROR;
				CLANG_WARN_DOCUMENTATION_COMMENTS = YES;
				CLANG_WARN_EMPTY_BODY = YES;
				CLANG_WARN_ENUM_CONVERSION = YES;
				CLANG_WARN_INFINITE_RECURSION = YES;
				CLANG_WARN_INT_CONVERSION = YES;
				CLANG_WARN_NON_LITERAL_NULL_CONVERSION = YES;
				CLANG_WARN_OBJC_IMPLICIT_RETAIN_SELF = YES;
				CLANG_WARN_OBJC_LITERAL_CONVERSION = YES;
				CLANG_WARN_OBJC_ROOT_CLASS = YES_ERROR;
				CLANG_WARN_QUOTED_INCLUDE_IN_FRAMEWORK_HEADER = YES;
				CLANG_WARN_RANGE_LOOP_ANALYSIS = YES;
				CLANG_WARN_STRICT_PROTOTYPES = YES;
				CLANG_WARN_SUSPICIOUS_MOVE = YES;
				CLANG_WARN_UNGUARDED_AVAILABILITY = YES_AGGRESSIVE;
				CLANG_WARN_UNREACHABLE_CODE = YES;
				CLANG_WARN__DUPLICATE_METHOD_MATCH = YES;
				COPY_PHASE_STRIP = NO;
				DEBUG_INFORMATION_FORMAT = dwarf;
				ENABLE_STRICT_OBJC_MSGSEND = YES;
				ENABLE_TESTABILITY = YES;
				GCC_C_LANGUAGE_STANDARD = gnu11;
				GCC_DYNAMIC_NO_PIC = NO;
				GCC_NO_COMMON_BLOCKS = YES;
				GCC_OPTIMIZATION_LEVEL = 0;
				GCC_PREPROCESSOR_DEFINITIONS = (
					"DEBUG=1",
					"$(inherited)",
				);
				GCC_WARN_64_TO_32_BIT_CONVERSION = YES;
				GCC_WARN_ABOUT_RETURN_TYPE = YES_ERROR;
				GCC_WARN_UNDECLARED_SELECTOR = YES;
				GCC_WARN_UNINITIALIZED_AUTOS = YES_AGGRESSIVE;
				GCC_WARN_UNUSED_FUNCTION = YES;
				GCC_WARN_UNUSED_VARIABLE = YES;
				IPHONEOS_DEPLOYMENT_TARGET = 14.0;
				MTL_ENABLE_DEBUG_INFO = INCLUDE_SOURCE;
				MTL_FAST_MATH = YES;
				ONLY_ACTIVE_ARCH = YES;
				SDKROOT = iphoneos;
				SWIFT_ACTIVE_COMPILATION_CONDITIONS = DEBUG;
				SWIFT_OPTIMIZATION_LEVEL = "-Onone";
			};
			name = Debug;
		};
		7B36DB1D2789202A00D8ACB0 /* Release */ = {
			isa = XCBuildConfiguration;
			buildSettings = {
				ALWAYS_SEARCH_USER_PATHS = NO;
				CLANG_ANALYZER_NONNULL = YES;
				CLANG_ANALYZER_NUMBER_OBJECT_CONVERSION = YES_AGGRESSIVE;
				CLANG_CXX_LANGUAGE_STANDARD = "gnu++17";
				CLANG_CXX_LIBRARY = "libc++";
				CLANG_ENABLE_MODULES = YES;
				CLANG_ENABLE_OBJC_ARC = YES;
				CLANG_ENABLE_OBJC_WEAK = YES;
				CLANG_WARN_BLOCK_CAPTURE_AUTORELEASING = YES;
				CLANG_WARN_BOOL_CONVERSION = YES;
				CLANG_WARN_COMMA = YES;
				CLANG_WARN_CONSTANT_CONVERSION = YES;
				CLANG_WARN_DEPRECATED_OBJC_IMPLEMENTATIONS = YES;
				CLANG_WARN_DIRECT_OBJC_ISA_USAGE = YES_ERROR;
				CLANG_WARN_DOCUMENTATION_COMMENTS = YES;
				CLANG_WARN_EMPTY_BODY = YES;
				CLANG_WARN_ENUM_CONVERSION = YES;
				CLANG_WARN_INFINITE_RECURSION = YES;
				CLANG_WARN_INT_CONVERSION = YES;
				CLANG_WARN_NON_LITERAL_NULL_CONVERSION = YES;
				CLANG_WARN_OBJC_IMPLICIT_RETAIN_SELF = YES;
				CLANG_WARN_OBJC_LITERAL_CONVERSION = YES;
				CLANG_WARN_OBJC_ROOT_CLASS = YES_ERROR;
				CLANG_WARN_QUOTED_INCLUDE_IN_FRAMEWORK_HEADER = YES;
				CLANG_WARN_RANGE_LOOP_ANALYSIS = YES;
				CLANG_WARN_STRICT_PROTOTYPES = YES;
				CLANG_WARN_SUSPICIOUS_MOVE = YES;
				CLANG_WARN_UNGUARDED_AVAILABILITY = YES_AGGRESSIVE;
				CLANG_WARN_UNREACHABLE_CODE = YES;
				CLANG_WARN__DUPLICATE_METHOD_MATCH = YES;
				COPY_PHASE_STRIP = NO;
				DEBUG_INFORMATION_FORMAT = "dwarf-with-dsym";
				ENABLE_NS_ASSERTIONS = NO;
				ENABLE_STRICT_OBJC_MSGSEND = YES;
				GCC_C_LANGUAGE_STANDARD = gnu11;
				GCC_NO_COMMON_BLOCKS = YES;
				GCC_WARN_64_TO_32_BIT_CONVERSION = YES;
				GCC_WARN_ABOUT_RETURN_TYPE = YES_ERROR;
				GCC_WARN_UNDECLARED_SELECTOR = YES;
				GCC_WARN_UNINITIALIZED_AUTOS = YES_AGGRESSIVE;
				GCC_WARN_UNUSED_FUNCTION = YES;
				GCC_WARN_UNUSED_VARIABLE = YES;
				IPHONEOS_DEPLOYMENT_TARGET = 14.0;
				MTL_ENABLE_DEBUG_INFO = NO;
				MTL_FAST_MATH = YES;
				SDKROOT = iphoneos;
				SWIFT_COMPILATION_MODE = wholemodule;
				SWIFT_OPTIMIZATION_LEVEL = "-O";
				VALIDATE_PRODUCT = YES;
			};
			name = Release;
		};
		7B36DB1F2789202A00D8ACB0 /* Debug */ = {
			isa = XCBuildConfiguration;
			baseConfigurationReference = ACB4ED80299F0DBFDC69F091 /* Pods-Cream.debug.xcconfig */;
			buildSettings = {
				ASSETCATALOG_COMPILER_APPICON_NAME = AppIcon;
				ASSETCATALOG_COMPILER_GLOBAL_ACCENT_COLOR_NAME = AccentColor;
				CODE_SIGN_STYLE = Automatic;
				CURRENT_PROJECT_VERSION = 1;
				DEVELOPMENT_TEAM = 6U5233X9SB;
				GENERATE_INFOPLIST_FILE = YES;
				INFOPLIST_FILE = Cream/Info.plist;
				INFOPLIST_KEY_UIApplicationSupportsIndirectInputEvents = YES;
				INFOPLIST_KEY_UILaunchStoryboardName = LaunchScreen;
				INFOPLIST_KEY_UISupportedInterfaceOrientations_iPad = "UIInterfaceOrientationPortrait UIInterfaceOrientationPortraitUpsideDown UIInterfaceOrientationLandscapeLeft UIInterfaceOrientationLandscapeRight";
				INFOPLIST_KEY_UISupportedInterfaceOrientations_iPhone = "UIInterfaceOrientationPortrait UIInterfaceOrientationLandscapeLeft UIInterfaceOrientationLandscapeRight";
				LD_RUNPATH_SEARCH_PATHS = (
					"$(inherited)",
					"@executable_path/Frameworks",
				);
				MARKETING_VERSION = 1.0;
				PRODUCT_BUNDLE_IDENTIFIER = "lemondate.dev-camp.stove.smilegate";
				PRODUCT_NAME = "$(TARGET_NAME)";
				SWIFT_EMIT_LOC_STRINGS = YES;
				SWIFT_VERSION = 5.0;
				TARGETED_DEVICE_FAMILY = "1,2";
			};
			name = Debug;
		};
		7B36DB202789202A00D8ACB0 /* Release */ = {
			isa = XCBuildConfiguration;
			baseConfigurationReference = C13476F4A6CBAC0C05953691 /* Pods-Cream.release.xcconfig */;
			buildSettings = {
				ASSETCATALOG_COMPILER_APPICON_NAME = AppIcon;
				ASSETCATALOG_COMPILER_GLOBAL_ACCENT_COLOR_NAME = AccentColor;
				CODE_SIGN_STYLE = Automatic;
				CURRENT_PROJECT_VERSION = 1;
				DEVELOPMENT_TEAM = 6U5233X9SB;
				GENERATE_INFOPLIST_FILE = YES;
				INFOPLIST_FILE = Cream/Info.plist;
				INFOPLIST_KEY_UIApplicationSupportsIndirectInputEvents = YES;
				INFOPLIST_KEY_UILaunchStoryboardName = LaunchScreen;
				INFOPLIST_KEY_UISupportedInterfaceOrientations_iPad = "UIInterfaceOrientationPortrait UIInterfaceOrientationPortraitUpsideDown UIInterfaceOrientationLandscapeLeft UIInterfaceOrientationLandscapeRight";
				INFOPLIST_KEY_UISupportedInterfaceOrientations_iPhone = "UIInterfaceOrientationPortrait UIInterfaceOrientationLandscapeLeft UIInterfaceOrientationLandscapeRight";
				LD_RUNPATH_SEARCH_PATHS = (
					"$(inherited)",
					"@executable_path/Frameworks",
				);
				MARKETING_VERSION = 1.0;
				PRODUCT_BUNDLE_IDENTIFIER = "lemondate.dev-camp.stove.smilegate";
				PRODUCT_NAME = "$(TARGET_NAME)";
				SWIFT_EMIT_LOC_STRINGS = YES;
				SWIFT_VERSION = 5.0;
				TARGETED_DEVICE_FAMILY = "1,2";
			};
			name = Release;
		};
/* End XCBuildConfiguration section */

/* Begin XCConfigurationList section */
		7B36DB052789202800D8ACB0 /* Build configuration list for PBXProject "Cream" */ = {
			isa = XCConfigurationList;
			buildConfigurations = (
				7B36DB1C2789202A00D8ACB0 /* Debug */,
				7B36DB1D2789202A00D8ACB0 /* Release */,
			);
			defaultConfigurationIsVisible = 0;
			defaultConfigurationName = Release;
		};
		7B36DB1E2789202A00D8ACB0 /* Build configuration list for PBXNativeTarget "Cream" */ = {
			isa = XCConfigurationList;
			buildConfigurations = (
				7B36DB1F2789202A00D8ACB0 /* Debug */,
				7B36DB202789202A00D8ACB0 /* Release */,
			);
			defaultConfigurationIsVisible = 0;
			defaultConfigurationName = Release;
		};
/* End XCConfigurationList section */

/* Begin XCRemoteSwiftPackageReference section */
		7BB0110D278BBBAB005E5C9E /* XCRemoteSwiftPackageReference "SnapKit" */ = {
			isa = XCRemoteSwiftPackageReference;
			repositoryURL = "https://github.com/SnapKit/SnapKit.git";
			requirement = {
				kind = upToNextMajorVersion;
				minimumVersion = 5.0.0;
			};
		};
		7BDA400B278978500093E75F /* XCRemoteSwiftPackageReference "BetterSegmentedControl" */ = {
			isa = XCRemoteSwiftPackageReference;
			repositoryURL = "https://github.com/gmarm/BetterSegmentedControl.git";
			requirement = {
				kind = upToNextMajorVersion;
				minimumVersion = 2.0.0;
			};
		};
		7BDA40112789793B0093E75F /* XCRemoteSwiftPackageReference "Alamofire" */ = {
			isa = XCRemoteSwiftPackageReference;
			repositoryURL = "https://github.com/Alamofire/Alamofire.git";
			requirement = {
				branch = master;
				kind = branch;
			};
		};
		7BDA4014278979AB0093E75F /* XCRemoteSwiftPackageReference "Kingfisher" */ = {
			isa = XCRemoteSwiftPackageReference;
			repositoryURL = "https://github.com/onevcat/Kingfisher.git";
			requirement = {
				kind = upToNextMajorVersion;
				minimumVersion = 7.0.0;
			};
		};
		7BDA4017278A9BF70093E75F /* XCRemoteSwiftPackageReference "BSImagePicker" */ = {
			isa = XCRemoteSwiftPackageReference;
			repositoryURL = "https://github.com/mikaoj/BSImagePicker.git";
			requirement = {
				branch = master;
				kind = branch;
			};
		};
		7BDA401F278A9D540093E75F /* XCRemoteSwiftPackageReference "SwipeCellKit" */ = {
			isa = XCRemoteSwiftPackageReference;
			repositoryURL = "https://github.com/idiel/SwipeCellKit.git";
			requirement = {
				kind = upToNextMajorVersion;
				minimumVersion = 2.0.0;
			};
		};
/* End XCRemoteSwiftPackageReference section */

/* Begin XCSwiftPackageProductDependency section */
		7BB0110E278BBBAC005E5C9E /* SnapKit */ = {
			isa = XCSwiftPackageProductDependency;
			package = 7BB0110D278BBBAB005E5C9E /* XCRemoteSwiftPackageReference "SnapKit" */;
			productName = SnapKit;
		};
		7BDA400C278978500093E75F /* BetterSegmentedControl */ = {
			isa = XCSwiftPackageProductDependency;
			package = 7BDA400B278978500093E75F /* XCRemoteSwiftPackageReference "BetterSegmentedControl" */;
			productName = BetterSegmentedControl;
		};
		7BDA40122789793B0093E75F /* Alamofire */ = {
			isa = XCSwiftPackageProductDependency;
			package = 7BDA40112789793B0093E75F /* XCRemoteSwiftPackageReference "Alamofire" */;
			productName = Alamofire;
		};
		7BDA4015278979AB0093E75F /* Kingfisher */ = {
			isa = XCSwiftPackageProductDependency;
			package = 7BDA4014278979AB0093E75F /* XCRemoteSwiftPackageReference "Kingfisher" */;
			productName = Kingfisher;
		};
		7BDA4018278A9BF70093E75F /* BSImagePicker */ = {
			isa = XCSwiftPackageProductDependency;
			package = 7BDA4017278A9BF70093E75F /* XCRemoteSwiftPackageReference "BSImagePicker" */;
			productName = BSImagePicker;
		};
		7BDA4020278A9D540093E75F /* SwipeCellKit */ = {
			isa = XCSwiftPackageProductDependency;
			package = 7BDA401F278A9D540093E75F /* XCRemoteSwiftPackageReference "SwipeCellKit" */;
			productName = SwipeCellKit;
		};
/* End XCSwiftPackageProductDependency section */
	};
	rootObject = 7B36DB022789202800D8ACB0 /* Project object */;
}
