{
  "object": {
    "pins": [
      {
        "package": "BetterSegmentedControl",
        "repositoryURL": "https://github.com/gmarm/BetterSegmentedControl.git",
        "state": {
          "branch": null,
          "revision": "a2b2116761f71320cee7e69b4249863f0f372c71",
          "version": "2.0.1"
        }
      },
      {
        "package": "BSImagePicker",
        "repositoryURL": "https://github.com/mikaoj/BSImagePicker.git",
        "state": {
          "branch": "master",
          "revision": "7afbaa1daf882b9f90e8e4a42f7b102f9d589245",
          "version": null
        }
      },
      {
        "package": "SnapKit",
        "repositoryURL": "https://github.com/SnapKit/SnapKit.git",
        "state": {
          "branch": null,
          "revision": "d458564516e5676af9c70b4f4b2a9178294f1bc6",
          "version": "5.0.1"
        }
      }
    ]
  },
  "version": 1
}
