{
  "object": {
    "pins": [
      {
        "package": "Alamofire",
        "repositoryURL": "https://github.com/Alamofire/Alamofire.git",
        "state": {
          "branch": "master",
          "revision": "e7e39079d7469e81966d2787431bf8979a2b0cc4",
          "version": null
        }
      },
      {
        "package": "BetterSegmentedControl",
        "repositoryURL": "https://github.com/gmarm/BetterSegmentedControl.git",
        "state": {
          "branch": null,
          "revision": "a2b2116761f71320cee7e69b4249863f0f372c71",
          "version": "2.0.1"
        }
      },
      {
        "package": "BSImagePicker",
        "repositoryURL": "https://github.com/mikaoj/BSImagePicker.git",
        "state": {
          "branch": "master",
          "revision": "7afbaa1daf882b9f90e8e4a42f7b102f9d589245",
          "version": null
        }
      },
      {
        "package": "Kingfisher",
        "repositoryURL": "https://github.com/onevcat/Kingfisher.git",
        "state": {
          "branch": null,
          "revision": "0c02c46cfdc0656ce74fd0963a75e5000a0b7f23",
          "version": "7.1.2"
        }
      },
      {
        "package": "SnapKit",
        "repositoryURL": "https://github.com/SnapKit/SnapKit.git",
        "state": {
          "branch": null,
          "revision": "d458564516e5676af9c70b4f4b2a9178294f1bc6",
          "version": "5.0.1"
        }
      },
      {
        "package": "SwipeCellKit",
        "repositoryURL": "https://github.com/idiel/SwipeCellKit.git",
        "state": {
          "branch": null,
          "revision": "7219cad3098637176ace311510d11467dbfb9bb0",
          "version": "2.7.1"
        }
      }
    ]
  },
  "version": 1
}
